
Microsoft Visual Studio Solution File, Format Version 12.00
Project("{FAE04EC0-301F-11D3-BF4B-00C04F79EFBC}") = "Day1", "Day1\Day1.csproj", "{01B2570E-7AE8-46DA-91EA-AB39A52781B9}"
EndProject
Project("{FAE04EC0-301F-11D3-BF4B-00C04F79EFBC}") = "Day2", "Day2\Day2.csproj", "{9D11F871-B1B9-4362-8D6D-543967065857}"
EndProject
Project("{FAE04EC0-301F-11D3-BF4B-00C04F79EFBC}") = "Day3", "Day3\Day3.csproj", "{BC9341FB-1169-46DA-8C99-6FD375B1447D}"
EndProject
Project("{FAE04EC0-301F-11D3-BF4B-00C04F79EFBC}") = "Day4", "Day4\Day4.csproj", "{B54B88E6-9EB0-4B53-9B17-2EC85F4DD122}"
EndProject
Project("{FAE04EC0-301F-11D3-BF4B-00C04F79EFBC}") = "Day5", "Day5\Day5.csproj", "{72ACF13B-7C7C-4B88-A4E2-92ED8BAB0A01}"
EndProject
Project("{FAE04EC0-301F-11D3-BF4B-00C04F79EFBC}") = "Day6", "Day6\Day6.csproj", "{F385E920-B90F-4FEC-9CF0-75AC92AD74DB}"
EndProject
Project("{FAE04EC0-301F-11D3-BF4B-00C04F79EFBC}") = "Library", "Library\Library.csproj", "{8A7744D1-C240-4C18-9B41-59C54D9F26F6}"
EndProject
Project("{FAE04EC0-301F-11D3-BF4B-00C04F79EFBC}") = "Day7", "Day7\Day7.csproj", "{26FBF130-5E9F-4954-8264-EFBC90173D4C}"
EndProject
Project("{FAE04EC0-301F-11D3-BF4B-00C04F79EFBC}") = "Day8", "Day8\Day8.csproj", "{5F68F13E-7305-4FA1-AAD1-5AEBADBA60B9}"
EndProject
Project("{FAE04EC0-301F-11D3-BF4B-00C04F79EFBC}") = "Day9", "Day9\Day9.csproj", "{D5B32CD1-1AAE-42F8-AF25-8D60DE586585}"
EndProject
Project("{FAE04EC0-301F-11D3-BF4B-00C04F79EFBC}") = "Day10", "Day10\Day10.csproj", "{601737FB-FC02-4256-900C-4E878D9ECBE3}"
EndProject
Project("{FAE04EC0-301F-11D3-BF4B-00C04F79EFBC}") = "Day11", "Day11\Day11.csproj", "{76AD3B2A-C6D3-46F6-B617-137E72571810}"
EndProject
Project("{FAE04EC0-301F-11D3-BF4B-00C04F79EFBC}") = "Day12", "Day12\Day12.csproj", "{EABEB2FE-C730-4A98-9222-08B116F82A59}"
EndProject
Global
	GlobalSection(SolutionConfigurationPlatforms) = preSolution
		Debug|Any CPU = Debug|Any CPU
		Release|Any CPU = Release|Any CPU
	EndGlobalSection
	GlobalSection(ProjectConfigurationPlatforms) = postSolution
		{01B2570E-7AE8-46DA-91EA-AB39A52781B9}.Debug|Any CPU.ActiveCfg = Debug|Any CPU
		{01B2570E-7AE8-46DA-91EA-AB39A52781B9}.Debug|Any CPU.Build.0 = Debug|Any CPU
		{01B2570E-7AE8-46DA-91EA-AB39A52781B9}.Release|Any CPU.ActiveCfg = Release|Any CPU
		{01B2570E-7AE8-46DA-91EA-AB39A52781B9}.Release|Any CPU.Build.0 = Release|Any CPU
		{9D11F871-B1B9-4362-8D6D-543967065857}.Debug|Any CPU.ActiveCfg = Debug|Any CPU
		{9D11F871-B1B9-4362-8D6D-543967065857}.Debug|Any CPU.Build.0 = Debug|Any CPU
		{9D11F871-B1B9-4362-8D6D-543967065857}.Release|Any CPU.ActiveCfg = Release|Any CPU
		{9D11F871-B1B9-4362-8D6D-543967065857}.Release|Any CPU.Build.0 = Release|Any CPU
		{BC9341FB-1169-46DA-8C99-6FD375B1447D}.Debug|Any CPU.ActiveCfg = Debug|Any CPU
		{BC9341FB-1169-46DA-8C99-6FD375B1447D}.Debug|Any CPU.Build.0 = Debug|Any CPU
		{BC9341FB-1169-46DA-8C99-6FD375B1447D}.Release|Any CPU.ActiveCfg = Release|Any CPU
		{BC9341FB-1169-46DA-8C99-6FD375B1447D}.Release|Any CPU.Build.0 = Release|Any CPU
		{B54B88E6-9EB0-4B53-9B17-2EC85F4DD122}.Debug|Any CPU.ActiveCfg = Debug|Any CPU
		{B54B88E6-9EB0-4B53-9B17-2EC85F4DD122}.Debug|Any CPU.Build.0 = Debug|Any CPU
		{B54B88E6-9EB0-4B53-9B17-2EC85F4DD122}.Release|Any CPU.ActiveCfg = Release|Any CPU
		{B54B88E6-9EB0-4B53-9B17-2EC85F4DD122}.Release|Any CPU.Build.0 = Release|Any CPU
		{72ACF13B-7C7C-4B88-A4E2-92ED8BAB0A01}.Debug|Any CPU.ActiveCfg = Debug|Any CPU
		{72ACF13B-7C7C-4B88-A4E2-92ED8BAB0A01}.Debug|Any CPU.Build.0 = Debug|Any CPU
		{72ACF13B-7C7C-4B88-A4E2-92ED8BAB0A01}.Release|Any CPU.ActiveCfg = Release|Any CPU
		{72ACF13B-7C7C-4B88-A4E2-92ED8BAB0A01}.Release|Any CPU.Build.0 = Release|Any CPU
		{F385E920-B90F-4FEC-9CF0-75AC92AD74DB}.Debug|Any CPU.ActiveCfg = Debug|Any CPU
		{F385E920-B90F-4FEC-9CF0-75AC92AD74DB}.Debug|Any CPU.Build.0 = Debug|Any CPU
		{F385E920-B90F-4FEC-9CF0-75AC92AD74DB}.Release|Any CPU.ActiveCfg = Release|Any CPU
		{F385E920-B90F-4FEC-9CF0-75AC92AD74DB}.Release|Any CPU.Build.0 = Release|Any CPU
		{8A7744D1-C240-4C18-9B41-59C54D9F26F6}.Debug|Any CPU.ActiveCfg = Debug|Any CPU
		{8A7744D1-C240-4C18-9B41-59C54D9F26F6}.Debug|Any CPU.Build.0 = Debug|Any CPU
		{8A7744D1-C240-4C18-9B41-59C54D9F26F6}.Release|Any CPU.ActiveCfg = Release|Any CPU
		{8A7744D1-C240-4C18-9B41-59C54D9F26F6}.Release|Any CPU.Build.0 = Release|Any CPU
		{26FBF130-5E9F-4954-8264-EFBC90173D4C}.Debug|Any CPU.ActiveCfg = Debug|Any CPU
		{26FBF130-5E9F-4954-8264-EFBC90173D4C}.Debug|Any CPU.Build.0 = Debug|Any CPU
		{26FBF130-5E9F-4954-8264-EFBC90173D4C}.Release|Any CPU.ActiveCfg = Release|Any CPU
		{26FBF130-5E9F-4954-8264-EFBC90173D4C}.Release|Any CPU.Build.0 = Release|Any CPU
		{5F68F13E-7305-4FA1-AAD1-5AEBADBA60B9}.Debug|Any CPU.ActiveCfg = Debug|Any CPU
		{5F68F13E-7305-4FA1-AAD1-5AEBADBA60B9}.Debug|Any CPU.Build.0 = Debug|Any CPU
		{5F68F13E-7305-4FA1-AAD1-5AEBADBA60B9}.Release|Any CPU.ActiveCfg = Release|Any CPU
		{5F68F13E-7305-4FA1-AAD1-5AEBADBA60B9}.Release|Any CPU.Build.0 = Release|Any CPU
		{D5B32CD1-1AAE-42F8-AF25-8D60DE586585}.Debug|Any CPU.ActiveCfg = Debug|Any CPU
		{D5B32CD1-1AAE-42F8-AF25-8D60DE586585}.Debug|Any CPU.Build.0 = Debug|Any CPU
		{D5B32CD1-1AAE-42F8-AF25-8D60DE586585}.Release|Any CPU.ActiveCfg = Release|Any CPU
		{D5B32CD1-1AAE-42F8-AF25-8D60DE586585}.Release|Any CPU.Build.0 = Release|Any CPU
		{601737FB-FC02-4256-900C-4E878D9ECBE3}.Debug|Any CPU.ActiveCfg = Debug|Any CPU
		{601737FB-FC02-4256-900C-4E878D9ECBE3}.Debug|Any CPU.Build.0 = Debug|Any CPU
		{601737FB-FC02-4256-900C-4E878D9ECBE3}.Release|Any CPU.ActiveCfg = Release|Any CPU
		{601737FB-FC02-4256-900C-4E878D9ECBE3}.Release|Any CPU.Build.0 = Release|Any CPU
		{76AD3B2A-C6D3-46F6-B617-137E72571810}.Debug|Any CPU.ActiveCfg = Debug|Any CPU
		{76AD3B2A-C6D3-46F6-B617-137E72571810}.Debug|Any CPU.Build.0 = Debug|Any CPU
		{76AD3B2A-C6D3-46F6-B617-137E72571810}.Release|Any CPU.ActiveCfg = Release|Any CPU
		{76AD3B2A-C6D3-46F6-B617-137E72571810}.Release|Any CPU.Build.0 = Release|Any CPU
		{EABEB2FE-C730-4A98-9222-08B116F82A59}.Debug|Any CPU.ActiveCfg = Debug|Any CPU
		{EABEB2FE-C730-4A98-9222-08B116F82A59}.Debug|Any CPU.Build.0 = Debug|Any CPU
		{EABEB2FE-C730-4A98-9222-08B116F82A59}.Release|Any CPU.ActiveCfg = Release|Any CPU
		{EABEB2FE-C730-4A98-9222-08B116F82A59}.Release|Any CPU.Build.0 = Release|Any CPU
	EndGlobalSection
EndGlobal
